
Microsoft Visual Studio Solution File, Format Version 12.00
Project("{2150E333-8FDC-42A3-9474-1A3956D46DE8}") = "src", "src", "{DF8B8947-D148-4A22-B4DB-E7331A0271FD}"
EndProject
Project("{2150E333-8FDC-42A3-9474-1A3956D46DE8}") = "Modules", "Modules", "{23A3C763-6C67-4CD0-93E9-0EB2F460BB91}"
EndProject
Project("{2150E333-8FDC-42A3-9474-1A3956D46DE8}") = "Auth", "Auth", "{99A00CAC-2AFD-4007-88AB-E8F3120FE96C}"
EndProject
Project("{FAE04EC0-301F-11D3-BF4B-00C04F79EFBC}") = "Auth.Domain", "src\Modules\Auth.Domain\Auth.Domain.csproj", "{49E29A7E-6435-46A2-B11C-7299FFDA4CD7}"
EndProject
Project("{FAE04EC0-301F-11D3-BF4B-00C04F79EFBC}") = "Auth.Application", "src\Modules\Auth.Application\Auth.Application.csproj", "{F807B68B-13C5-4A55-A338-ACAFC95E7A57}"
EndProject
Project("{FAE04EC0-301F-11D3-BF4B-00C04F79EFBC}") = "Auth.Infrastructure", "src\Modules\Auth.Infrastructure\Auth.Infrastructure.csproj", "{3A938802-057D-4179-BF10-0B5CC4DCD78E}"
EndProject
Project("{FAE04EC0-301F-11D3-BF4B-00C04F79EFBC}") = "Auth.Api", "src\Modules\Auth.Api\Auth.Api.csproj", "{24757C02-DA1C-4DFE-B044-6605109A2524}"
EndProject
Project("{FAE04EC0-301F-11D3-BF4B-00C04F79EFBC}") = "SharedKernel", "src\SharedKernel\SharedKernel.csproj", "{B039B788-B8F8-4CBA-92F5-D698166B405E}"
EndProject
Project("{FAE04EC0-301F-11D3-BF4B-00C04F79EFBC}") = "Host", "Host\Host.csproj", "{E61A4864-5676-416B-B478-B564393332AB}"
EndProject
Project("{2150E333-8FDC-42A3-9474-1A3956D46DE8}") = "01-Domain", "01-Domain", "{319991CC-476C-44A1-AD3F-131F8424787E}"
EndProject
Project("{2150E333-8FDC-42A3-9474-1A3956D46DE8}") = "02-Application", "02-Application", "{32D7C735-98E1-4C9A-AD52-7ABB90AB597D}"
EndProject
Project("{2150E333-8FDC-42A3-9474-1A3956D46DE8}") = "03-Infrastructure", "03-Infrastructure", "{8A69D79C-770D-4F8B-B156-226A8FCB25D9}"
EndProject
Project("{2150E333-8FDC-42A3-9474-1A3956D46DE8}") = "04-Api", "04-Api", "{A145CB49-05E3-48C3-B8B0-9BAF08DBCFF9}"
EndProject
Global
	GlobalSection(SolutionConfigurationPlatforms) = preSolution
		Debug|Any CPU = Debug|Any CPU
		Release|Any CPU = Release|Any CPU
	EndGlobalSection
	GlobalSection(ProjectConfigurationPlatforms) = postSolution
		{49E29A7E-6435-46A2-B11C-7299FFDA4CD7}.Debug|Any CPU.ActiveCfg = Debug|Any CPU
		{49E29A7E-6435-46A2-B11C-7299FFDA4CD7}.Debug|Any CPU.Build.0 = Debug|Any CPU
		{49E29A7E-6435-46A2-B11C-7299FFDA4CD7}.Release|Any CPU.ActiveCfg = Release|Any CPU
		{49E29A7E-6435-46A2-B11C-7299FFDA4CD7}.Release|Any CPU.Build.0 = Release|Any CPU
		{F807B68B-13C5-4A55-A338-ACAFC95E7A57}.Debug|Any CPU.ActiveCfg = Debug|Any CPU
		{F807B68B-13C5-4A55-A338-ACAFC95E7A57}.Debug|Any CPU.Build.0 = Debug|Any CPU
		{F807B68B-13C5-4A55-A338-ACAFC95E7A57}.Release|Any CPU.ActiveCfg = Release|Any CPU
		{F807B68B-13C5-4A55-A338-ACAFC95E7A57}.Release|Any CPU.Build.0 = Release|Any CPU
		{3A938802-057D-4179-BF10-0B5CC4DCD78E}.Debug|Any CPU.ActiveCfg = Debug|Any CPU
		{3A938802-057D-4179-BF10-0B5CC4DCD78E}.Debug|Any CPU.Build.0 = Debug|Any CPU
		{3A938802-057D-4179-BF10-0B5CC4DCD78E}.Release|Any CPU.ActiveCfg = Release|Any CPU
		{3A938802-057D-4179-BF10-0B5CC4DCD78E}.Release|Any CPU.Build.0 = Release|Any CPU
		{24757C02-DA1C-4DFE-B044-6605109A2524}.Debug|Any CPU.ActiveCfg = Debug|Any CPU
		{24757C02-DA1C-4DFE-B044-6605109A2524}.Debug|Any CPU.Build.0 = Debug|Any CPU
		{24757C02-DA1C-4DFE-B044-6605109A2524}.Release|Any CPU.ActiveCfg = Release|Any CPU
		{24757C02-DA1C-4DFE-B044-6605109A2524}.Release|Any CPU.Build.0 = Release|Any CPU
		{B039B788-B8F8-4CBA-92F5-D698166B405E}.Debug|Any CPU.ActiveCfg = Debug|Any CPU
		{B039B788-B8F8-4CBA-92F5-D698166B405E}.Debug|Any CPU.Build.0 = Debug|Any CPU
		{B039B788-B8F8-4CBA-92F5-D698166B405E}.Release|Any CPU.ActiveCfg = Release|Any CPU
		{B039B788-B8F8-4CBA-92F5-D698166B405E}.Release|Any CPU.Build.0 = Release|Any CPU
		{E61A4864-5676-416B-B478-B564393332AB}.Debug|Any CPU.ActiveCfg = Debug|Any CPU
		{E61A4864-5676-416B-B478-B564393332AB}.Debug|Any CPU.Build.0 = Debug|Any CPU
		{E61A4864-5676-416B-B478-B564393332AB}.Release|Any CPU.ActiveCfg = Release|Any CPU
		{E61A4864-5676-416B-B478-B564393332AB}.Release|Any CPU.Build.0 = Release|Any CPU
	EndGlobalSection
	GlobalSection(NestedProjects) = preSolution
		{23A3C763-6C67-4CD0-93E9-0EB2F460BB91} = {DF8B8947-D148-4A22-B4DB-E7331A0271FD}
		{99A00CAC-2AFD-4007-88AB-E8F3120FE96C} = {23A3C763-6C67-4CD0-93E9-0EB2F460BB91}
		{B039B788-B8F8-4CBA-92F5-D698166B405E} = {DF8B8947-D148-4A22-B4DB-E7331A0271FD}
		{E61A4864-5676-416B-B478-B564393332AB} = {DF8B8947-D148-4A22-B4DB-E7331A0271FD}
		{319991CC-476C-44A1-AD3F-131F8424787E} = {99A00CAC-2AFD-4007-88AB-E8F3120FE96C}
		{32D7C735-98E1-4C9A-AD52-7ABB90AB597D} = {99A00CAC-2AFD-4007-88AB-E8F3120FE96C}
		{8A69D79C-770D-4F8B-B156-226A8FCB25D9} = {99A00CAC-2AFD-4007-88AB-E8F3120FE96C}
		{A145CB49-05E3-48C3-B8B0-9BAF08DBCFF9} = {99A00CAC-2AFD-4007-88AB-E8F3120FE96C}
		{49E29A7E-6435-46A2-B11C-7299FFDA4CD7} = {319991CC-476C-44A1-AD3F-131F8424787E}
		{F807B68B-13C5-4A55-A338-ACAFC95E7A57} = {32D7C735-98E1-4C9A-AD52-7ABB90AB597D}
		{3A938802-057D-4179-BF10-0B5CC4DCD78E} = {8A69D79C-770D-4F8B-B156-226A8FCB25D9}
		{24757C02-DA1C-4DFE-B044-6605109A2524} = {A145CB49-05E3-48C3-B8B0-9BAF08DBCFF9}
	EndGlobalSection
EndGlobal
