
Microsoft Visual Studio Solution File, Format Version 12.00
Project("{2150E333-8FDC-42A3-9474-1A3956D46DE8}") = "src", "src", "{DF8B8947-D148-4A22-B4DB-E7331A0271FD}"
EndProject
Project("{2150E333-8FDC-42A3-9474-1A3956D46DE8}") = "Modules", "Modules", "{23A3C763-6C67-4CD0-93E9-0EB2F460BB91}"
EndProject
Project("{2150E333-8FDC-42A3-9474-1A3956D46DE8}") = "Auth", "Auth", "{99A00CAC-2AFD-4007-88AB-E8F3120FE96C}"
EndProject
Project("{FAE04EC0-301F-11D3-BF4B-00C04F79EFBC}") = "Auth.Domain", "src\Modules\Auth\Auth.Domain\Auth.Domain.csproj", "{49E29A7E-6435-46A2-B11C-7299FFDA4CD7}"
EndProject
Project("{FAE04EC0-301F-11D3-BF4B-00C04F79EFBC}") = "Auth.Application", "src\Modules\Auth\Auth.Application\Auth.Application.csproj", "{F807B68B-13C5-4A55-A338-ACAFC95E7A57}"
EndProject
Project("{FAE04EC0-301F-11D3-BF4B-00C04F79EFBC}") = "Auth.Infrastructure", "src\Modules\Auth\Auth.Infrastructure\Auth.Infrastructure.csproj", "{3A938802-057D-4179-BF10-0B5CC4DCD78E}"
EndProject
Project("{FAE04EC0-301F-11D3-BF4B-00C04F79EFBC}") = "Auth.Api", "src\Modules\Auth\Auth.Api\Auth.Api.csproj", "{24757C02-DA1C-4DFE-B044-6605109A2524}"
EndProject
Project("{FAE04EC0-301F-11D3-BF4B-00C04F79EFBC}") = "SharedKernel", "src\SharedKernel\SharedKernel.csproj", "{B039B788-B8F8-4CBA-92F5-D698166B405E}"
EndProject
Project("{FAE04EC0-301F-11D3-BF4B-00C04F79EFBC}") = "Host", "Host\Host.csproj", "{E61A4864-5676-416B-B478-B564393332AB}"
EndProject
Project("{FAE04EC0-301F-11D3-BF4B-00C04F79EFBC}") = "BuildingBlocks", "src\BuildingBlocks\BuildingBlocks.csproj", "{4A9B8A7E-F030-4BEB-89A9-324E06D552D4}"
EndProject
Project("{2150E333-8FDC-42A3-9474-1A3956D46DE8}") = "tests", "tests", "{0AB3BF05-4346-4AA6-1389-037BE0695223}"
EndProject
Project("{2150E333-8FDC-42A3-9474-1A3956D46DE8}") = "Modules", "Modules", "{D7DC9B74-6BC4-2470-2038-1E57C2DCB73B}"
EndProject
Project("{2150E333-8FDC-42A3-9474-1A3956D46DE8}") = "Auth", "Auth", "{697947E3-9071-154F-A25E-E4697D7605A4}"
EndProject
Project("{FAE04EC0-301F-11D3-BF4B-00C04F79EFBC}") = "Auth.UnitTests", "tests\Modules\Auth\Auth.UnitTests\Auth.UnitTests.csproj", "{6A177C85-E150-450C-A70D-EB2E190A5A14}"
EndProject
Project("{2150E333-8FDC-42A3-9474-1A3956D46DE8}") = "Catalog", "Catalog", "{3B79EC34-2FFD-42F8-83B5-BFFEB8B1BF80}"
EndProject
Project("{FAE04EC0-301F-11D3-BF4B-00C04F79EFBC}") = "Catalog.Domain", "src\Modules\Catalog\Catalog.Domain\Catalog.Domain.csproj", "{43434522-6CDB-4A23-A935-36A3F32AF3BF}"
EndProject
Project("{FAE04EC0-301F-11D3-BF4B-00C04F79EFBC}") = "Catalog.Application", "src\Modules\Catalog\Catalog.Application\Catalog.Application.csproj", "{DBA00197-F8B4-497E-81B1-CF0C11A344C8}"
EndProject
Project("{FAE04EC0-301F-11D3-BF4B-00C04F79EFBC}") = "Catalog.Infrastructure", "src\Modules\Catalog\Catalog.Infrastructure\Catalog.Infrastructure.csproj", "{889FBAF0-4D57-4335-957E-9DCD100602A3}"
EndProject
Project("{FAE04EC0-301F-11D3-BF4B-00C04F79EFBC}") = "Catalog.Api", "src\Modules\Catalog\Catalog.Api\Catalog.Api.csproj", "{DF076052-9F82-4D13-B49E-CC5192FC3D56}"
EndProject
Project("{2150E333-8FDC-42A3-9474-1A3956D46DE8}") = "Catalog", "Catalog", "{58ACDCC8-2AEE-9D01-9B82-A1B8CDF8BF55}"
EndProject
Project("{FAE04EC0-301F-11D3-BF4B-00C04F79EFBC}") = "Catalog.UnitTests", "tests\Modules\Catalog\Catalog.UnitTests\Catalog.UnitTests.csproj", "{DC2F1554-B537-402F-8ECE-39EFEA49F726}"
EndProject
Project("{2150E333-8FDC-42A3-9474-1A3956D46DE8}") = "Finance", "Finance", "{693E946F-6823-418F-A6F6-9D120B267414}"
EndProject
Project("{FAE04EC0-301F-11D3-BF4B-00C04F79EFBC}") = "Finance.Domain", "src\Modules\Finance\Finance.Domain\Finance.Domain.csproj", "{A6F6B797-7AFE-4D38-A5F0-6AD23FF7901A}"
EndProject
Project("{FAE04EC0-301F-11D3-BF4B-00C04F79EFBC}") = "Finance.Application", "src\Modules\Finance\Finance.Application\Finance.Application.csproj", "{914D2F84-0368-412F-BBC6-EDD8C2E44497}"
EndProject
Project("{FAE04EC0-301F-11D3-BF4B-00C04F79EFBC}") = "Finance.Infrastructure", "src\Modules\Finance\Finance.Infrastructure\Finance.Infrastructure.csproj", "{BDEF630A-0A59-49B7-9622-6219FCD5A26C}"
EndProject
Project("{FAE04EC0-301F-11D3-BF4B-00C04F79EFBC}") = "Finance.Api", "src\Modules\Finance\Finance.Api\Finance.Api.csproj", "{45CA1171-FB6E-4767-A43B-4B9BB615A7C4}"
EndProject
Project("{2150E333-8FDC-42A3-9474-1A3956D46DE8}") = "Finance", "Finance", "{06170411-A699-B94A-5A25-F3EB5CA598A7}"
EndProject
Project("{FAE04EC0-301F-11D3-BF4B-00C04F79EFBC}") = "Finance.UnitTests", "tests\Modules\Finance\Finance.UnitTests\Finance.UnitTests.csproj", "{B5558D25-3F7B-4138-BF85-EFEF1737DE8B}"
EndProject
Project("{2150E333-8FDC-42A3-9474-1A3956D46DE8}") = "database", "database", "{9969D504-2070-4966-9896-10709C06D787}"
EndProject
Project("{2150E333-8FDC-42A3-9474-1A3956D46DE8}") = ".github", ".github", "{20022220-2002-2002-2002-200220022002}"
EndProject
EndProject
Project("{2150E333-8FDC-42A3-9474-1A3956D46DE8}") = "migrations", "migrations", "{31A85880-97F2-409B-B433-A446342E1303}"
	ProjectSection(SolutionItems) = preProject
		database\migrations\V1__create_schemas.sql = database\migrations\V1__create_schemas.sql
		database\migrations\V2__create_auth_tables.sql = database\migrations\V2__create_auth_tables.sql
		database\migrations\V3__create_finance_accounts_table.sql = database\migrations\V3__create_finance_accounts_table.sql
		database\migrations\V4__create_catalog_categories_table.sql = database\migrations\V4__create_catalog_categories_table.sql
		database\migrations\V5__create_recurring_transactions_table.sql = database\migrations\V5__create_recurring_transactions_table.sql
		database\migrations\V6__create_transactions_table.sql = database\migrations\V6__create_transactions_table.sql
	EndProjectSection
EndProject
Project("{2150E333-8FDC-42A3-9474-1A3956D46DE8}") = "Solution Items", "Solution Items", "{0EB5918F-33AF-4343-BD9A-E0D836159C05}"
	ProjectSection(SolutionItems) = preProject
		docker-compose.yaml = docker-compose.yaml
		.env = .env
		docker-compose.override.yml = docker-compose.override.yml
		.env.example = .env.example
	EndProjectSection
EndProject
Project("{2150E333-8FDC-42A3-9474-1A3956D46DE8}") = "IntegrationTests", "IntegrationTests", "{30785934-E017-5D9F-2777-3D61460A5281}"
EndProject
Project("{FAE04EC0-301F-11D3-BF4B-00C04F79EFBC}") = "PersonalFinance.IntegrationTests", "tests\IntegrationTests\PersonalFinance.IntegrationTests.csproj", "{43D0F41D-856C-4C65-9B57-E6E644B7AB3E}"
EndProject
Project("{2150E333-8FDC-42A3-9474-1A3956D46DE8}") = "workflows", "workflows", "{7B56A18C-0BF2-4FEC-8C26-91BC12465077}"
    ProjectSection(SolutionItems) = preProject
        .github\workflows\ci.yml = .github\workflows\ci.yml
        .github\workflows\deploy.yml = .github\workflows\deploy.yml
    EndProjectSection

    
EndProject
Global
	GlobalSection(SolutionConfigurationPlatforms) = preSolution
		Debug|Any CPU = Debug|Any CPU
		Debug|x64 = Debug|x64
		Debug|x86 = Debug|x86
		Release|Any CPU = Release|Any CPU
		Release|x64 = Release|x64
		Release|x86 = Release|x86
	EndGlobalSection
	GlobalSection(ProjectConfigurationPlatforms) = postSolution
		{49E29A7E-6435-46A2-B11C-7299FFDA4CD7}.Debug|Any CPU.ActiveCfg = Debug|Any CPU
		{49E29A7E-6435-46A2-B11C-7299FFDA4CD7}.Debug|Any CPU.Build.0 = Debug|Any CPU
		{49E29A7E-6435-46A2-B11C-7299FFDA4CD7}.Debug|x64.ActiveCfg = Debug|Any CPU
		{49E29A7E-6435-46A2-B11C-7299FFDA4CD7}.Debug|x64.Build.0 = Debug|Any CPU
		{49E29A7E-6435-46A2-B11C-7299FFDA4CD7}.Debug|x86.ActiveCfg = Debug|Any CPU
		{49E29A7E-6435-46A2-B11C-7299FFDA4CD7}.Debug|x86.Build.0 = Debug|Any CPU
		{49E29A7E-6435-46A2-B11C-7299FFDA4CD7}.Release|Any CPU.ActiveCfg = Release|Any CPU
		{49E29A7E-6435-46A2-B11C-7299FFDA4CD7}.Release|Any CPU.Build.0 = Release|Any CPU
		{49E29A7E-6435-46A2-B11C-7299FFDA4CD7}.Release|x64.ActiveCfg = Release|Any CPU
		{49E29A7E-6435-46A2-B11C-7299FFDA4CD7}.Release|x64.Build.0 = Release|Any CPU
		{49E29A7E-6435-46A2-B11C-7299FFDA4CD7}.Release|x86.ActiveCfg = Release|Any CPU
		{49E29A7E-6435-46A2-B11C-7299FFDA4CD7}.Release|x86.Build.0 = Release|Any CPU
		{F807B68B-13C5-4A55-A338-ACAFC95E7A57}.Debug|Any CPU.ActiveCfg = Debug|Any CPU
		{F807B68B-13C5-4A55-A338-ACAFC95E7A57}.Debug|Any CPU.Build.0 = Debug|Any CPU
		{F807B68B-13C5-4A55-A338-ACAFC95E7A57}.Debug|x64.ActiveCfg = Debug|Any CPU
		{F807B68B-13C5-4A55-A338-ACAFC95E7A57}.Debug|x64.Build.0 = Debug|Any CPU
		{F807B68B-13C5-4A55-A338-ACAFC95E7A57}.Debug|x86.ActiveCfg = Debug|Any CPU
		{F807B68B-13C5-4A55-A338-ACAFC95E7A57}.Debug|x86.Build.0 = Debug|Any CPU
		{F807B68B-13C5-4A55-A338-ACAFC95E7A57}.Release|Any CPU.ActiveCfg = Release|Any CPU
		{F807B68B-13C5-4A55-A338-ACAFC95E7A57}.Release|Any CPU.Build.0 = Release|Any CPU
		{F807B68B-13C5-4A55-A338-ACAFC95E7A57}.Release|x64.ActiveCfg = Release|Any CPU
		{F807B68B-13C5-4A55-A338-ACAFC95E7A57}.Release|x64.Build.0 = Release|Any CPU
		{F807B68B-13C5-4A55-A338-ACAFC95E7A57}.Release|x86.ActiveCfg = Release|Any CPU
		{F807B68B-13C5-4A55-A338-ACAFC95E7A57}.Release|x86.Build.0 = Release|Any CPU
		{3A938802-057D-4179-BF10-0B5CC4DCD78E}.Debug|Any CPU.ActiveCfg = Debug|Any CPU
		{3A938802-057D-4179-BF10-0B5CC4DCD78E}.Debug|Any CPU.Build.0 = Debug|Any CPU
		{3A938802-057D-4179-BF10-0B5CC4DCD78E}.Debug|x64.ActiveCfg = Debug|Any CPU
		{3A938802-057D-4179-BF10-0B5CC4DCD78E}.Debug|x64.Build.0 = Debug|Any CPU
		{3A938802-057D-4179-BF10-0B5CC4DCD78E}.Debug|x86.ActiveCfg = Debug|Any CPU
		{3A938802-057D-4179-BF10-0B5CC4DCD78E}.Debug|x86.Build.0 = Debug|Any CPU
		{3A938802-057D-4179-BF10-0B5CC4DCD78E}.Release|Any CPU.ActiveCfg = Release|Any CPU
		{3A938802-057D-4179-BF10-0B5CC4DCD78E}.Release|Any CPU.Build.0 = Release|Any CPU
		{3A938802-057D-4179-BF10-0B5CC4DCD78E}.Release|x64.ActiveCfg = Release|Any CPU
		{3A938802-057D-4179-BF10-0B5CC4DCD78E}.Release|x64.Build.0 = Release|Any CPU
		{3A938802-057D-4179-BF10-0B5CC4DCD78E}.Release|x86.ActiveCfg = Release|Any CPU
		{3A938802-057D-4179-BF10-0B5CC4DCD78E}.Release|x86.Build.0 = Release|Any CPU
		{24757C02-DA1C-4DFE-B044-6605109A2524}.Debug|Any CPU.ActiveCfg = Debug|Any CPU
		{24757C02-DA1C-4DFE-B044-6605109A2524}.Debug|Any CPU.Build.0 = Debug|Any CPU
		{24757C02-DA1C-4DFE-B044-6605109A2524}.Debug|x64.ActiveCfg = Debug|Any CPU
		{24757C02-DA1C-4DFE-B044-6605109A2524}.Debug|x64.Build.0 = Debug|Any CPU
		{24757C02-DA1C-4DFE-B044-6605109A2524}.Debug|x86.ActiveCfg = Debug|Any CPU
		{24757C02-DA1C-4DFE-B044-6605109A2524}.Debug|x86.Build.0 = Debug|Any CPU
		{24757C02-DA1C-4DFE-B044-6605109A2524}.Release|Any CPU.ActiveCfg = Release|Any CPU
		{24757C02-DA1C-4DFE-B044-6605109A2524}.Release|Any CPU.Build.0 = Release|Any CPU
		{24757C02-DA1C-4DFE-B044-6605109A2524}.Release|x64.ActiveCfg = Release|Any CPU
		{24757C02-DA1C-4DFE-B044-6605109A2524}.Release|x64.Build.0 = Release|Any CPU
		{24757C02-DA1C-4DFE-B044-6605109A2524}.Release|x86.ActiveCfg = Release|Any CPU
		{24757C02-DA1C-4DFE-B044-6605109A2524}.Release|x86.Build.0 = Release|Any CPU
		{B039B788-B8F8-4CBA-92F5-D698166B405E}.Debug|Any CPU.ActiveCfg = Debug|Any CPU
		{B039B788-B8F8-4CBA-92F5-D698166B405E}.Debug|Any CPU.Build.0 = Debug|Any CPU
		{B039B788-B8F8-4CBA-92F5-D698166B405E}.Debug|x64.ActiveCfg = Debug|Any CPU
		{B039B788-B8F8-4CBA-92F5-D698166B405E}.Debug|x64.Build.0 = Debug|Any CPU
		{B039B788-B8F8-4CBA-92F5-D698166B405E}.Debug|x86.ActiveCfg = Debug|Any CPU
		{B039B788-B8F8-4CBA-92F5-D698166B405E}.Debug|x86.Build.0 = Debug|Any CPU
		{B039B788-B8F8-4CBA-92F5-D698166B405E}.Release|Any CPU.ActiveCfg = Release|Any CPU
		{B039B788-B8F8-4CBA-92F5-D698166B405E}.Release|Any CPU.Build.0 = Release|Any CPU
		{B039B788-B8F8-4CBA-92F5-D698166B405E}.Release|x64.ActiveCfg = Release|Any CPU
		{B039B788-B8F8-4CBA-92F5-D698166B405E}.Release|x64.Build.0 = Release|Any CPU
		{B039B788-B8F8-4CBA-92F5-D698166B405E}.Release|x86.ActiveCfg = Release|Any CPU
		{B039B788-B8F8-4CBA-92F5-D698166B405E}.Release|x86.Build.0 = Release|Any CPU
		{E61A4864-5676-416B-B478-B564393332AB}.Debug|Any CPU.ActiveCfg = Debug|Any CPU
		{E61A4864-5676-416B-B478-B564393332AB}.Debug|Any CPU.Build.0 = Debug|Any CPU
		{E61A4864-5676-416B-B478-B564393332AB}.Debug|x64.ActiveCfg = Debug|Any CPU
		{E61A4864-5676-416B-B478-B564393332AB}.Debug|x64.Build.0 = Debug|Any CPU
		{E61A4864-5676-416B-B478-B564393332AB}.Debug|x86.ActiveCfg = Debug|Any CPU
		{E61A4864-5676-416B-B478-B564393332AB}.Debug|x86.Build.0 = Debug|Any CPU
		{E61A4864-5676-416B-B478-B564393332AB}.Release|Any CPU.ActiveCfg = Release|Any CPU
		{E61A4864-5676-416B-B478-B564393332AB}.Release|Any CPU.Build.0 = Release|Any CPU
		{E61A4864-5676-416B-B478-B564393332AB}.Release|x64.ActiveCfg = Release|Any CPU
		{E61A4864-5676-416B-B478-B564393332AB}.Release|x64.Build.0 = Release|Any CPU
		{E61A4864-5676-416B-B478-B564393332AB}.Release|x86.ActiveCfg = Release|Any CPU
		{E61A4864-5676-416B-B478-B564393332AB}.Release|x86.Build.0 = Release|Any CPU
		{4A9B8A7E-F030-4BEB-89A9-324E06D552D4}.Debug|Any CPU.ActiveCfg = Debug|Any CPU
		{4A9B8A7E-F030-4BEB-89A9-324E06D552D4}.Debug|Any CPU.Build.0 = Debug|Any CPU
		{4A9B8A7E-F030-4BEB-89A9-324E06D552D4}.Debug|x64.ActiveCfg = Debug|Any CPU
		{4A9B8A7E-F030-4BEB-89A9-324E06D552D4}.Debug|x64.Build.0 = Debug|Any CPU
		{4A9B8A7E-F030-4BEB-89A9-324E06D552D4}.Debug|x86.ActiveCfg = Debug|Any CPU
		{4A9B8A7E-F030-4BEB-89A9-324E06D552D4}.Debug|x86.Build.0 = Debug|Any CPU
		{4A9B8A7E-F030-4BEB-89A9-324E06D552D4}.Release|Any CPU.ActiveCfg = Release|Any CPU
		{4A9B8A7E-F030-4BEB-89A9-324E06D552D4}.Release|Any CPU.Build.0 = Release|Any CPU
		{4A9B8A7E-F030-4BEB-89A9-324E06D552D4}.Release|x64.ActiveCfg = Release|Any CPU
		{4A9B8A7E-F030-4BEB-89A9-324E06D552D4}.Release|x64.Build.0 = Release|Any CPU
		{4A9B8A7E-F030-4BEB-89A9-324E06D552D4}.Release|x86.ActiveCfg = Release|Any CPU
		{4A9B8A7E-F030-4BEB-89A9-324E06D552D4}.Release|x86.Build.0 = Release|Any CPU
		{6A177C85-E150-450C-A70D-EB2E190A5A14}.Debug|Any CPU.ActiveCfg = Debug|Any CPU
		{6A177C85-E150-450C-A70D-EB2E190A5A14}.Debug|Any CPU.Build.0 = Debug|Any CPU
		{6A177C85-E150-450C-A70D-EB2E190A5A14}.Debug|x64.ActiveCfg = Debug|Any CPU
		{6A177C85-E150-450C-A70D-EB2E190A5A14}.Debug|x64.Build.0 = Debug|Any CPU
		{6A177C85-E150-450C-A70D-EB2E190A5A14}.Debug|x86.ActiveCfg = Debug|Any CPU
		{6A177C85-E150-450C-A70D-EB2E190A5A14}.Debug|x86.Build.0 = Debug|Any CPU
		{6A177C85-E150-450C-A70D-EB2E190A5A14}.Release|Any CPU.ActiveCfg = Release|Any CPU
		{6A177C85-E150-450C-A70D-EB2E190A5A14}.Release|Any CPU.Build.0 = Release|Any CPU
		{6A177C85-E150-450C-A70D-EB2E190A5A14}.Release|x64.ActiveCfg = Release|Any CPU
		{6A177C85-E150-450C-A70D-EB2E190A5A14}.Release|x64.Build.0 = Release|Any CPU
		{6A177C85-E150-450C-A70D-EB2E190A5A14}.Release|x86.ActiveCfg = Release|Any CPU
		{6A177C85-E150-450C-A70D-EB2E190A5A14}.Release|x86.Build.0 = Release|Any CPU
		{43434522-6CDB-4A23-A935-36A3F32AF3BF}.Debug|Any CPU.ActiveCfg = Debug|Any CPU
		{43434522-6CDB-4A23-A935-36A3F32AF3BF}.Debug|Any CPU.Build.0 = Debug|Any CPU
		{43434522-6CDB-4A23-A935-36A3F32AF3BF}.Debug|x64.ActiveCfg = Debug|Any CPU
		{43434522-6CDB-4A23-A935-36A3F32AF3BF}.Debug|x64.Build.0 = Debug|Any CPU
		{43434522-6CDB-4A23-A935-36A3F32AF3BF}.Debug|x86.ActiveCfg = Debug|Any CPU
		{43434522-6CDB-4A23-A935-36A3F32AF3BF}.Debug|x86.Build.0 = Debug|Any CPU
		{43434522-6CDB-4A23-A935-36A3F32AF3BF}.Release|Any CPU.ActiveCfg = Release|Any CPU
		{43434522-6CDB-4A23-A935-36A3F32AF3BF}.Release|Any CPU.Build.0 = Release|Any CPU
		{43434522-6CDB-4A23-A935-36A3F32AF3BF}.Release|x64.ActiveCfg = Release|Any CPU
		{43434522-6CDB-4A23-A935-36A3F32AF3BF}.Release|x64.Build.0 = Release|Any CPU
		{43434522-6CDB-4A23-A935-36A3F32AF3BF}.Release|x86.ActiveCfg = Release|Any CPU
		{43434522-6CDB-4A23-A935-36A3F32AF3BF}.Release|x86.Build.0 = Release|Any CPU
		{DBA00197-F8B4-497E-81B1-CF0C11A344C8}.Debug|Any CPU.ActiveCfg = Debug|Any CPU
		{DBA00197-F8B4-497E-81B1-CF0C11A344C8}.Debug|Any CPU.Build.0 = Debug|Any CPU
		{DBA00197-F8B4-497E-81B1-CF0C11A344C8}.Debug|x64.ActiveCfg = Debug|Any CPU
		{DBA00197-F8B4-497E-81B1-CF0C11A344C8}.Debug|x64.Build.0 = Debug|Any CPU
		{DBA00197-F8B4-497E-81B1-CF0C11A344C8}.Debug|x86.ActiveCfg = Debug|Any CPU
		{DBA00197-F8B4-497E-81B1-CF0C11A344C8}.Debug|x86.Build.0 = Debug|Any CPU
		{DBA00197-F8B4-497E-81B1-CF0C11A344C8}.Release|Any CPU.ActiveCfg = Release|Any CPU
		{DBA00197-F8B4-497E-81B1-CF0C11A344C8}.Release|Any CPU.Build.0 = Release|Any CPU
		{DBA00197-F8B4-497E-81B1-CF0C11A344C8}.Release|x64.ActiveCfg = Release|Any CPU
		{DBA00197-F8B4-497E-81B1-CF0C11A344C8}.Release|x64.Build.0 = Release|Any CPU
		{DBA00197-F8B4-497E-81B1-CF0C11A344C8}.Release|x86.ActiveCfg = Release|Any CPU
		{DBA00197-F8B4-497E-81B1-CF0C11A344C8}.Release|x86.Build.0 = Release|Any CPU
		{889FBAF0-4D57-4335-957E-9DCD100602A3}.Debug|Any CPU.ActiveCfg = Debug|Any CPU
		{889FBAF0-4D57-4335-957E-9DCD100602A3}.Debug|Any CPU.Build.0 = Debug|Any CPU
		{889FBAF0-4D57-4335-957E-9DCD100602A3}.Debug|x64.ActiveCfg = Debug|Any CPU
		{889FBAF0-4D57-4335-957E-9DCD100602A3}.Debug|x64.Build.0 = Debug|Any CPU
		{889FBAF0-4D57-4335-957E-9DCD100602A3}.Debug|x86.ActiveCfg = Debug|Any CPU
		{889FBAF0-4D57-4335-957E-9DCD100602A3}.Debug|x86.Build.0 = Debug|Any CPU
		{889FBAF0-4D57-4335-957E-9DCD100602A3}.Release|Any CPU.ActiveCfg = Release|Any CPU
		{889FBAF0-4D57-4335-957E-9DCD100602A3}.Release|Any CPU.Build.0 = Release|Any CPU
		{889FBAF0-4D57-4335-957E-9DCD100602A3}.Release|x64.ActiveCfg = Release|Any CPU
		{889FBAF0-4D57-4335-957E-9DCD100602A3}.Release|x64.Build.0 = Release|Any CPU
		{889FBAF0-4D57-4335-957E-9DCD100602A3}.Release|x86.ActiveCfg = Release|Any CPU
		{889FBAF0-4D57-4335-957E-9DCD100602A3}.Release|x86.Build.0 = Release|Any CPU
		{DF076052-9F82-4D13-B49E-CC5192FC3D56}.Debug|Any CPU.ActiveCfg = Debug|Any CPU
		{DF076052-9F82-4D13-B49E-CC5192FC3D56}.Debug|Any CPU.Build.0 = Debug|Any CPU
		{DF076052-9F82-4D13-B49E-CC5192FC3D56}.Debug|x64.ActiveCfg = Debug|Any CPU
		{DF076052-9F82-4D13-B49E-CC5192FC3D56}.Debug|x64.Build.0 = Debug|Any CPU
		{DF076052-9F82-4D13-B49E-CC5192FC3D56}.Debug|x86.ActiveCfg = Debug|Any CPU
		{DF076052-9F82-4D13-B49E-CC5192FC3D56}.Debug|x86.Build.0 = Debug|Any CPU
		{DF076052-9F82-4D13-B49E-CC5192FC3D56}.Release|Any CPU.ActiveCfg = Release|Any CPU
		{DF076052-9F82-4D13-B49E-CC5192FC3D56}.Release|Any CPU.Build.0 = Release|Any CPU
		{DF076052-9F82-4D13-B49E-CC5192FC3D56}.Release|x64.ActiveCfg = Release|Any CPU
		{DF076052-9F82-4D13-B49E-CC5192FC3D56}.Release|x64.Build.0 = Release|Any CPU
		{DF076052-9F82-4D13-B49E-CC5192FC3D56}.Release|x86.ActiveCfg = Release|Any CPU
		{DF076052-9F82-4D13-B49E-CC5192FC3D56}.Release|x86.Build.0 = Release|Any CPU
		{DC2F1554-B537-402F-8ECE-39EFEA49F726}.Debug|Any CPU.ActiveCfg = Debug|Any CPU
		{DC2F1554-B537-402F-8ECE-39EFEA49F726}.Debug|Any CPU.Build.0 = Debug|Any CPU
		{DC2F1554-B537-402F-8ECE-39EFEA49F726}.Debug|x64.ActiveCfg = Debug|Any CPU
		{DC2F1554-B537-402F-8ECE-39EFEA49F726}.Debug|x64.Build.0 = Debug|Any CPU
		{DC2F1554-B537-402F-8ECE-39EFEA49F726}.Debug|x86.ActiveCfg = Debug|Any CPU
		{DC2F1554-B537-402F-8ECE-39EFEA49F726}.Debug|x86.Build.0 = Debug|Any CPU
		{DC2F1554-B537-402F-8ECE-39EFEA49F726}.Release|Any CPU.ActiveCfg = Release|Any CPU
		{DC2F1554-B537-402F-8ECE-39EFEA49F726}.Release|Any CPU.Build.0 = Release|Any CPU
		{DC2F1554-B537-402F-8ECE-39EFEA49F726}.Release|x64.ActiveCfg = Release|Any CPU
		{DC2F1554-B537-402F-8ECE-39EFEA49F726}.Release|x64.Build.0 = Release|Any CPU
		{DC2F1554-B537-402F-8ECE-39EFEA49F726}.Release|x86.ActiveCfg = Release|Any CPU
		{DC2F1554-B537-402F-8ECE-39EFEA49F726}.Release|x86.Build.0 = Release|Any CPU
		{A6F6B797-7AFE-4D38-A5F0-6AD23FF7901A}.Debug|Any CPU.ActiveCfg = Debug|Any CPU
		{A6F6B797-7AFE-4D38-A5F0-6AD23FF7901A}.Debug|Any CPU.Build.0 = Debug|Any CPU
		{A6F6B797-7AFE-4D38-A5F0-6AD23FF7901A}.Debug|x64.ActiveCfg = Debug|Any CPU
		{A6F6B797-7AFE-4D38-A5F0-6AD23FF7901A}.Debug|x64.Build.0 = Debug|Any CPU
		{A6F6B797-7AFE-4D38-A5F0-6AD23FF7901A}.Debug|x86.ActiveCfg = Debug|Any CPU
		{A6F6B797-7AFE-4D38-A5F0-6AD23FF7901A}.Debug|x86.Build.0 = Debug|Any CPU
		{A6F6B797-7AFE-4D38-A5F0-6AD23FF7901A}.Release|Any CPU.ActiveCfg = Release|Any CPU
		{A6F6B797-7AFE-4D38-A5F0-6AD23FF7901A}.Release|Any CPU.Build.0 = Release|Any CPU
		{A6F6B797-7AFE-4D38-A5F0-6AD23FF7901A}.Release|x64.ActiveCfg = Release|Any CPU
		{A6F6B797-7AFE-4D38-A5F0-6AD23FF7901A}.Release|x64.Build.0 = Release|Any CPU
		{A6F6B797-7AFE-4D38-A5F0-6AD23FF7901A}.Release|x86.ActiveCfg = Release|Any CPU
		{A6F6B797-7AFE-4D38-A5F0-6AD23FF7901A}.Release|x86.Build.0 = Release|Any CPU
		{914D2F84-0368-412F-BBC6-EDD8C2E44497}.Debug|Any CPU.ActiveCfg = Debug|Any CPU
		{914D2F84-0368-412F-BBC6-EDD8C2E44497}.Debug|Any CPU.Build.0 = Debug|Any CPU
		{914D2F84-0368-412F-BBC6-EDD8C2E44497}.Debug|x64.ActiveCfg = Debug|Any CPU
		{914D2F84-0368-412F-BBC6-EDD8C2E44497}.Debug|x64.Build.0 = Debug|Any CPU
		{914D2F84-0368-412F-BBC6-EDD8C2E44497}.Debug|x86.ActiveCfg = Debug|Any CPU
		{914D2F84-0368-412F-BBC6-EDD8C2E44497}.Debug|x86.Build.0 = Debug|Any CPU
		{914D2F84-0368-412F-BBC6-EDD8C2E44497}.Release|Any CPU.ActiveCfg = Release|Any CPU
		{914D2F84-0368-412F-BBC6-EDD8C2E44497}.Release|Any CPU.Build.0 = Release|Any CPU
		{914D2F84-0368-412F-BBC6-EDD8C2E44497}.Release|x64.ActiveCfg = Release|Any CPU
		{914D2F84-0368-412F-BBC6-EDD8C2E44497}.Release|x64.Build.0 = Release|Any CPU
		{914D2F84-0368-412F-BBC6-EDD8C2E44497}.Release|x86.ActiveCfg = Release|Any CPU
		{914D2F84-0368-412F-BBC6-EDD8C2E44497}.Release|x86.Build.0 = Release|Any CPU
		{BDEF630A-0A59-49B7-9622-6219FCD5A26C}.Debug|Any CPU.ActiveCfg = Debug|Any CPU
		{BDEF630A-0A59-49B7-9622-6219FCD5A26C}.Debug|Any CPU.Build.0 = Debug|Any CPU
		{BDEF630A-0A59-49B7-9622-6219FCD5A26C}.Debug|x64.ActiveCfg = Debug|Any CPU
		{BDEF630A-0A59-49B7-9622-6219FCD5A26C}.Debug|x64.Build.0 = Debug|Any CPU
		{BDEF630A-0A59-49B7-9622-6219FCD5A26C}.Debug|x86.ActiveCfg = Debug|Any CPU
		{BDEF630A-0A59-49B7-9622-6219FCD5A26C}.Debug|x86.Build.0 = Debug|Any CPU
		{BDEF630A-0A59-49B7-9622-6219FCD5A26C}.Release|Any CPU.ActiveCfg = Release|Any CPU
		{BDEF630A-0A59-49B7-9622-6219FCD5A26C}.Release|Any CPU.Build.0 = Release|Any CPU
		{BDEF630A-0A59-49B7-9622-6219FCD5A26C}.Release|x64.ActiveCfg = Release|Any CPU
		{BDEF630A-0A59-49B7-9622-6219FCD5A26C}.Release|x64.Build.0 = Release|Any CPU
		{BDEF630A-0A59-49B7-9622-6219FCD5A26C}.Release|x86.ActiveCfg = Release|Any CPU
		{BDEF630A-0A59-49B7-9622-6219FCD5A26C}.Release|x86.Build.0 = Release|Any CPU
		{45CA1171-FB6E-4767-A43B-4B9BB615A7C4}.Debug|Any CPU.ActiveCfg = Debug|Any CPU
		{45CA1171-FB6E-4767-A43B-4B9BB615A7C4}.Debug|Any CPU.Build.0 = Debug|Any CPU
		{45CA1171-FB6E-4767-A43B-4B9BB615A7C4}.Debug|x64.ActiveCfg = Debug|Any CPU
		{45CA1171-FB6E-4767-A43B-4B9BB615A7C4}.Debug|x64.Build.0 = Debug|Any CPU
		{45CA1171-FB6E-4767-A43B-4B9BB615A7C4}.Debug|x86.ActiveCfg = Debug|Any CPU
		{45CA1171-FB6E-4767-A43B-4B9BB615A7C4}.Debug|x86.Build.0 = Debug|Any CPU
		{45CA1171-FB6E-4767-A43B-4B9BB615A7C4}.Release|Any CPU.ActiveCfg = Release|Any CPU
		{45CA1171-FB6E-4767-A43B-4B9BB615A7C4}.Release|Any CPU.Build.0 = Release|Any CPU
		{45CA1171-FB6E-4767-A43B-4B9BB615A7C4}.Release|x64.ActiveCfg = Release|Any CPU
		{45CA1171-FB6E-4767-A43B-4B9BB615A7C4}.Release|x64.Build.0 = Release|Any CPU
		{45CA1171-FB6E-4767-A43B-4B9BB615A7C4}.Release|x86.ActiveCfg = Release|Any CPU
		{45CA1171-FB6E-4767-A43B-4B9BB615A7C4}.Release|x86.Build.0 = Release|Any CPU
		{B5558D25-3F7B-4138-BF85-EFEF1737DE8B}.Debug|Any CPU.ActiveCfg = Debug|Any CPU
		{B5558D25-3F7B-4138-BF85-EFEF1737DE8B}.Debug|Any CPU.Build.0 = Debug|Any CPU
		{B5558D25-3F7B-4138-BF85-EFEF1737DE8B}.Debug|x64.ActiveCfg = Debug|Any CPU
		{B5558D25-3F7B-4138-BF85-EFEF1737DE8B}.Debug|x64.Build.0 = Debug|Any CPU
		{B5558D25-3F7B-4138-BF85-EFEF1737DE8B}.Debug|x86.ActiveCfg = Debug|Any CPU
		{B5558D25-3F7B-4138-BF85-EFEF1737DE8B}.Debug|x86.Build.0 = Debug|Any CPU
		{B5558D25-3F7B-4138-BF85-EFEF1737DE8B}.Release|Any CPU.ActiveCfg = Release|Any CPU
		{B5558D25-3F7B-4138-BF85-EFEF1737DE8B}.Release|Any CPU.Build.0 = Release|Any CPU
		{B5558D25-3F7B-4138-BF85-EFEF1737DE8B}.Release|x64.ActiveCfg = Release|Any CPU
		{B5558D25-3F7B-4138-BF85-EFEF1737DE8B}.Release|x64.Build.0 = Release|Any CPU
		{B5558D25-3F7B-4138-BF85-EFEF1737DE8B}.Release|x86.ActiveCfg = Release|Any CPU
		{B5558D25-3F7B-4138-BF85-EFEF1737DE8B}.Release|x86.Build.0 = Release|Any CPU
		{43D0F41D-856C-4C65-9B57-E6E644B7AB3E}.Debug|Any CPU.ActiveCfg = Debug|Any CPU
		{43D0F41D-856C-4C65-9B57-E6E644B7AB3E}.Debug|Any CPU.Build.0 = Debug|Any CPU
		{43D0F41D-856C-4C65-9B57-E6E644B7AB3E}.Debug|x64.ActiveCfg = Debug|Any CPU
		{43D0F41D-856C-4C65-9B57-E6E644B7AB3E}.Debug|x64.Build.0 = Debug|Any CPU
		{43D0F41D-856C-4C65-9B57-E6E644B7AB3E}.Debug|x86.ActiveCfg = Debug|Any CPU
		{43D0F41D-856C-4C65-9B57-E6E644B7AB3E}.Debug|x86.Build.0 = Debug|Any CPU
		{43D0F41D-856C-4C65-9B57-E6E644B7AB3E}.Release|Any CPU.ActiveCfg = Release|Any CPU
		{43D0F41D-856C-4C65-9B57-E6E644B7AB3E}.Release|Any CPU.Build.0 = Release|Any CPU
		{43D0F41D-856C-4C65-9B57-E6E644B7AB3E}.Release|x64.ActiveCfg = Release|Any CPU
		{43D0F41D-856C-4C65-9B57-E6E644B7AB3E}.Release|x64.Build.0 = Release|Any CPU
		{43D0F41D-856C-4C65-9B57-E6E644B7AB3E}.Release|x86.ActiveCfg = Release|Any CPU
		{43D0F41D-856C-4C65-9B57-E6E644B7AB3E}.Release|x86.Build.0 = Release|Any CPU
	EndGlobalSection
	GlobalSection(SolutionProperties) = preSolution
		HideSolutionNode = FALSE
	EndGlobalSection
	GlobalSection(NestedProjects) = preSolution
		{23A3C763-6C67-4CD0-93E9-0EB2F460BB91} = {DF8B8947-D148-4A22-B4DB-E7331A0271FD}
		{99A00CAC-2AFD-4007-88AB-E8F3120FE96C} = {23A3C763-6C67-4CD0-93E9-0EB2F460BB91}
		{49E29A7E-6435-46A2-B11C-7299FFDA4CD7} = {99A00CAC-2AFD-4007-88AB-E8F3120FE96C}
		{F807B68B-13C5-4A55-A338-ACAFC95E7A57} = {99A00CAC-2AFD-4007-88AB-E8F3120FE96C}
		{3A938802-057D-4179-BF10-0B5CC4DCD78E} = {99A00CAC-2AFD-4007-88AB-E8F3120FE96C}
		{24757C02-DA1C-4DFE-B044-6605109A2524} = {99A00CAC-2AFD-4007-88AB-E8F3120FE96C}
		{B039B788-B8F8-4CBA-92F5-D698166B405E} = {DF8B8947-D148-4A22-B4DB-E7331A0271FD}
		{4A9B8A7E-F030-4BEB-89A9-324E06D552D4} = {DF8B8947-D148-4A22-B4DB-E7331A0271FD}
		{D7DC9B74-6BC4-2470-2038-1E57C2DCB73B} = {0AB3BF05-4346-4AA6-1389-037BE0695223}
		{697947E3-9071-154F-A25E-E4697D7605A4} = {D7DC9B74-6BC4-2470-2038-1E57C2DCB73B}
		{6A177C85-E150-450C-A70D-EB2E190A5A14} = {697947E3-9071-154F-A25E-E4697D7605A4}
		{3B79EC34-2FFD-42F8-83B5-BFFEB8B1BF80} = {23A3C763-6C67-4CD0-93E9-0EB2F460BB91}
		{43434522-6CDB-4A23-A935-36A3F32AF3BF} = {3B79EC34-2FFD-42F8-83B5-BFFEB8B1BF80}
		{DBA00197-F8B4-497E-81B1-CF0C11A344C8} = {3B79EC34-2FFD-42F8-83B5-BFFEB8B1BF80}
		{889FBAF0-4D57-4335-957E-9DCD100602A3} = {3B79EC34-2FFD-42F8-83B5-BFFEB8B1BF80}
		{DF076052-9F82-4D13-B49E-CC5192FC3D56} = {3B79EC34-2FFD-42F8-83B5-BFFEB8B1BF80}
		{58ACDCC8-2AEE-9D01-9B82-A1B8CDF8BF55} = {D7DC9B74-6BC4-2470-2038-1E57C2DCB73B}
		{DC2F1554-B537-402F-8ECE-39EFEA49F726} = {58ACDCC8-2AEE-9D01-9B82-A1B8CDF8BF55}
		{693E946F-6823-418F-A6F6-9D120B267414} = {23A3C763-6C67-4CD0-93E9-0EB2F460BB91}
		{A6F6B797-7AFE-4D38-A5F0-6AD23FF7901A} = {693E946F-6823-418F-A6F6-9D120B267414}
		{914D2F84-0368-412F-BBC6-EDD8C2E44497} = {693E946F-6823-418F-A6F6-9D120B267414}
		{BDEF630A-0A59-49B7-9622-6219FCD5A26C} = {693E946F-6823-418F-A6F6-9D120B267414}
		{45CA1171-FB6E-4767-A43B-4B9BB615A7C4} = {693E946F-6823-418F-A6F6-9D120B267414}
		{06170411-A699-B94A-5A25-F3EB5CA598A7} = {D7DC9B74-6BC4-2470-2038-1E57C2DCB73B}
		{B5558D25-3F7B-4138-BF85-EFEF1737DE8B} = {06170411-A699-B94A-5A25-F3EB5CA598A7}
		{31A85880-97F2-409B-B433-A446342E1303} = {9969D504-2070-4966-9896-10709C06D787}
		{30785934-E017-5D9F-2777-3D61460A5281} = {0AB3BF05-4346-4AA6-1389-037BE0695223}
		{43D0F41D-856C-4C65-9B57-E6E644B7AB3E} = {30785934-E017-5D9F-2777-3D61460A5281}
		{7B56A18C-0BF2-4FEC-8C26-91BC12465077} = {20022220-2002-2002-2002-200220022002}
	EndGlobalSection
EndGlobal
